
Microsoft Visual Studio Solution File, Format Version 12.00
# Visual Studio 15
Project("{FAE04EC0-301F-11D3-BF4B-00C04F79EFBC}") = "Assembly-CSharp", "Assembly-CSharp.csproj", "{AC8B8629-02F1-6247-6DA5-FC5E5F32E084}"
EndProject
Project("{FAE04EC0-301F-11D3-BF4B-00C04F79EFBC}") = "Assembly-CSharp-Editor", "Assembly-CSharp-Editor.csproj", "{ADAD0504-0AA6-740E-B4AE-D411D48EF389}"
EndProject
Global
	GlobalSection(SolutionConfigurationPlatforms) = preSolution
		Debug|Any CPU = Debug|Any CPU
		Release|Any CPU = Release|Any CPU
	EndGlobalSection
	GlobalSection(ProjectConfigurationPlatforms) = postSolution
		{AC8B8629-02F1-6247-6DA5-FC5E5F32E084}.Debug|Any CPU.ActiveCfg = Debug|Any CPU
		{AC8B8629-02F1-6247-6DA5-FC5E5F32E084}.Debug|Any CPU.Build.0 = Debug|Any CPU
		{AC8B8629-02F1-6247-6DA5-FC5E5F32E084}.Release|Any CPU.ActiveCfg = Release|Any CPU
		{AC8B8629-02F1-6247-6DA5-FC5E5F32E084}.Release|Any CPU.Build.0 = Release|Any CPU
		{ADAD0504-0AA6-740E-B4AE-D411D48EF389}.Debug|Any CPU.ActiveCfg = Debug|Any CPU
		{ADAD0504-0AA6-740E-B4AE-D411D48EF389}.Debug|Any CPU.Build.0 = Debug|Any CPU
		{ADAD0504-0AA6-740E-B4AE-D411D48EF389}.Release|Any CPU.ActiveCfg = Release|Any CPU
		{ADAD0504-0AA6-740E-B4AE-D411D48EF389}.Release|Any CPU.Build.0 = Release|Any CPU
	EndGlobalSection
	GlobalSection(SolutionProperties) = preSolution
		HideSolutionNode = FALSE
	EndGlobalSection
EndGlobal
